// !$*UTF8*$!
{
	archiveVersion = 1;
	classes = {
	};
	objectVersion = 46;
	objects = {

/* Begin PBXBuildFile section */
		7981D58B1D346F15000FA92C /* AppDelegate.swift in Sources */ = {isa = PBXBuildFile; fileRef = 7981D58A1D346F15000FA92C /* AppDelegate.swift */; };
		7981D58D1D346F15000FA92C /* ViewController.swift in Sources */ = {isa = PBXBuildFile; fileRef = 7981D58C1D346F15000FA92C /* ViewController.swift */; };
		7981D5901D346F15000FA92C /* Main.storyboard in Resources */ = {isa = PBXBuildFile; fileRef = 7981D58E1D346F15000FA92C /* Main.storyboard */; };
		7981D5921D346F15000FA92C /* Assets.xcassets in Resources */ = {isa = PBXBuildFile; fileRef = 7981D5911D346F15000FA92C /* Assets.xcassets */; };
		7981D5951D346F15000FA92C /* LaunchScreen.storyboard in Resources */ = {isa = PBXBuildFile; fileRef = 7981D5931D346F15000FA92C /* LaunchScreen.storyboard */; };
		7981D59D1D347033000FA92C /* MyTextField.swift in Sources */ = {isa = PBXBuildFile; fileRef = 7981D59C1D347033000FA92C /* MyTextField.swift */; };
		7981D59F1D34A6AF000FA92C /* Validates.swift in Sources */ = {isa = PBXBuildFile; fileRef = 7981D59E1D34A6AF000FA92C /* Validates.swift */; };
		7981D5A11D34ABE2000FA92C /* Result.swift in Sources */ = {isa = PBXBuildFile; fileRef = 7981D5A01D34ABE2000FA92C /* Result.swift */; };
/* End PBXBuildFile section */

/* Begin PBXFileReference section */
		7981D5871D346F14000FA92C /* ValidateCheckTest.app */ = {isa = PBXFileReference; explicitFileType = wrapper.application; includeInIndex = 0; path = ValidateCheckTest.app; sourceTree = BUILT_PRODUCTS_DIR; };
		7981D58A1D346F15000FA92C /* AppDelegate.swift */ = {isa = PBXFileReference; lastKnownFileType = sourcecode.swift; path = AppDelegate.swift; sourceTree = "<group>"; };
		7981D58C1D346F15000FA92C /* ViewController.swift */ = {isa = PBXFileReference; lastKnownFileType = sourcecode.swift; path = ViewController.swift; sourceTree = "<group>"; };
		7981D58F1D346F15000FA92C /* Base */ = {isa = PBXFileReference; lastKnownFileType = file.storyboard; name = Base; path = Base.lproj/Main.storyboard; sourceTree = "<group>"; };
		7981D5911D346F15000FA92C /* Assets.xcassets */ = {isa = PBXFileReference; lastKnownFileType = folder.assetcatalog; path = Assets.xcassets; sourceTree = "<group>"; };
		7981D5941D346F15000FA92C /* Base */ = {isa = PBXFileReference; lastKnownFileType = file.storyboard; name = Base; path = Base.lproj/LaunchScreen.storyboard; sourceTree = "<group>"; };
		7981D5961D346F15000FA92C /* Info.plist */ = {isa = PBXFileReference; lastKnownFileType = text.plist.xml; path = Info.plist; sourceTree = "<group>"; };
		7981D59C1D347033000FA92C /* MyTextField.swift */ = {isa = PBXFileReference; fileEncoding = 4; lastKnownFileType = sourcecode.swift; path = MyTextField.swift; sourceTree = "<group>"; };
		7981D59E1D34A6AF000FA92C /* Validates.swift */ = {isa = PBXFileReference; fileEncoding = 4; lastKnownFileType = sourcecode.swift; path = Validates.swift; sourceTree = "<group>"; };
		7981D5A01D34ABE2000FA92C /* Result.swift */ = {isa = PBXFileReference; fileEncoding = 4; lastKnownFileType = sourcecode.swift; path = Result.swift; sourceTree = "<group>"; };
/* End PBXFileReference section */

/* Begin PBXFrameworksBuildPhase section */
		7981D5841D346F14000FA92C /* Frameworks */ = {
			isa = PBXFrameworksBuildPhase;
			buildActionMask = 2147483647;
			files = (
			);
			runOnlyForDeploymentPostprocessing = 0;
		};
/* End PBXFrameworksBuildPhase section */

/* Begin PBXGroup section */
		7981D57E1D346F14000FA92C = {
			isa = PBXGroup;
			children = (
				7981D5891D346F15000FA92C /* ValidateCheckTest */,
				7981D5881D346F14000FA92C /* Products */,
			);
			sourceTree = "<group>";
		};
		7981D5881D346F14000FA92C /* Products */ = {
			isa = PBXGroup;
			children = (
				7981D5871D346F14000FA92C /* ValidateCheckTest.app */,
			);
			name = Products;
			sourceTree = "<group>";
		};
		7981D5891D346F15000FA92C /* ValidateCheckTest */ = {
			isa = PBXGroup;
			children = (
				7981D58A1D346F15000FA92C /* AppDelegate.swift */,
				7981D5911D346F15000FA92C /* Assets.xcassets */,
				7981D5961D346F15000FA92C /* Info.plist */,
				7981D5931D346F15000FA92C /* LaunchScreen.storyboard */,
				7981D58E1D346F15000FA92C /* Main.storyboard */,
				7981D58C1D346F15000FA92C /* ViewController.swift */,
				7981D59C1D347033000FA92C /* MyTextField.swift */,
				7981D59E1D34A6AF000FA92C /* Validates.swift */,
				7981D5A01D34ABE2000FA92C /* Result.swift */,
			);
			path = ValidateCheckTest;
			sourceTree = "<group>";
		};
/* End PBXGroup section */

/* Begin PBXNativeTarget section */
		7981D5861D346F14000FA92C /* ValidateCheckTest */ = {
			isa = PBXNativeTarget;
			buildConfigurationList = 7981D5991D346F15000FA92C /* Build configuration list for PBXNativeTarget "ValidateCheckTest" */;
			buildPhases = (
				7981D5831D346F14000FA92C /* Sources */,
				7981D5841D346F14000FA92C /* Frameworks */,
				7981D5851D346F14000FA92C /* Resources */,
			);
			buildRules = (
			);
			dependencies = (
			);
			name = ValidateCheckTest;
			productName = ValidateCheckTest;
			productReference = 7981D5871D346F14000FA92C /* ValidateCheckTest.app */;
			productType = "com.apple.product-type.application";
		};
/* End PBXNativeTarget section */

/* Begin PBXProject section */
		7981D57F1D346F14000FA92C /* Project object */ = {
			isa = PBXProject;
			attributes = {
				LastSwiftUpdateCheck = 0730;
				LastUpgradeCheck = 0730;
				ORGANIZATIONNAME = "Grand Desgin Co., Ltd.";
				TargetAttributes = {
					7981D5861D346F14000FA92C = {
						CreatedOnToolsVersion = 7.3.1;
						DevelopmentTeam = 67NJZVUMG3;
					};
				};
			};
			buildConfigurationList = 7981D5821D346F14000FA92C /* Build configuration list for PBXProject "ValidateCheckTest" */;
			compatibilityVersion = "Xcode 3.2";
			developmentRegion = English;
			hasScannedForEncodings = 0;
			knownRegions = (
				en,
				Base,
			);
			mainGroup = 7981D57E1D346F14000FA92C;
			productRefGroup = 7981D5881D346F14000FA92C /* Products */;
			projectDirPath = "";
			projectRoot = "";
			targets = (
				7981D5861D346F14000FA92C /* ValidateCheckTest */,
			);
		};
/* End PBXProject section */

/* Begin PBXResourcesBuildPhase section */
		7981D5851D346F14000FA92C /* Resources */ = {
			isa = PBXResourcesBuildPhase;
			buildActionMask = 2147483647;
			files = (
				7981D5951D346F15000FA92C /* LaunchScreen.storyboard in Resources */,
				7981D5921D346F15000FA92C /* Assets.xcassets in Resources */,
				7981D5901D346F15000FA92C /* Main.storyboard in Resources */,
			);
			runOnlyForDeploymentPostprocessing = 0;
		};
/* End PBXResourcesBuildPhase section */

/* Begin PBXSourcesBuildPhase section */
		7981D5831D346F14000FA92C /* Sources */ = {
			isa = PBXSourcesBuildPhase;
			buildActionMask = 2147483647;
			files = (
				7981D59D1D347033000FA92C /* MyTextField.swift in Sources */,
				7981D5A11D34ABE2000FA92C /* Result.swift in Sources */,
				7981D58D1D346F15000FA92C /* ViewController.swift in Sources */,
				7981D58B1D346F15000FA92C /* AppDelegate.swift in Sources */,
				7981D59F1D34A6AF000FA92C /* Validates.swift in Sources */,
			);
			runOnlyForDeploymentPostprocessing = 0;
		};
/* End PBXSourcesBuildPhase section */

/* Begin PBXVariantGroup section */
		7981D58E1D346F15000FA92C /* Main.storyboard */ = {
			isa = PBXVariantGroup;
			children = (
				7981D58F1D346F15000FA92C /* Base */,
			);
			name = Main.storyboard;
			sourceTree = "<group>";
		};
		7981D5931D346F15000FA92C /* LaunchScreen.storyboard */ = {
			isa = PBXVariantGroup;
			children = (
				7981D5941D346F15000FA92C /* Base */,
			);
			name = LaunchScreen.storyboard;
			sourceTree = "<group>";
		};
/* End PBXVariantGroup section */

/* Begin XCBuildConfiguration section */
		7981D5971D346F15000FA92C /* Debug */ = {
			isa = XCBuildConfiguration;
			buildSettings = {
				ALWAYS_SEARCH_USER_PATHS = NO;
				CLANG_ANALYZER_NONNULL = YES;
				CLANG_CXX_LANGUAGE_STANDARD = "gnu++0x";
				CLANG_CXX_LIBRARY = "libc++";
				CLANG_ENABLE_MODULES = YES;
				CLANG_ENABLE_OBJC_ARC = YES;
				CLANG_WARN_BOOL_CONVERSION = YES;
				CLANG_WARN_CONSTANT_CONVERSION = YES;
				CLANG_WARN_DIRECT_OBJC_ISA_USAGE = YES_ERROR;
				CLANG_WARN_EMPTY_BODY = YES;
				CLANG_WARN_ENUM_CONVERSION = YES;
				CLANG_WARN_INT_CONVERSION = YES;
				CLANG_WARN_OBJC_ROOT_CLASS = YES_ERROR;
				CLANG_WARN_UNREACHABLE_CODE = YES;
				CLANG_WARN__DUPLICATE_METHOD_MATCH = YES;
				"CODE_SIGN_IDENTITY[sdk=iphoneos*]" = "iPhone Developer";
				COPY_PHASE_STRIP = NO;
				DEBUG_INFORMATION_FORMAT = dwarf;
				ENABLE_STRICT_OBJC_MSGSEND = YES;
				ENABLE_TESTABILITY = YES;
				GCC_C_LANGUAGE_STANDARD = gnu99;
				GCC_DYNAMIC_NO_PIC = NO;
				GCC_NO_COMMON_BLOCKS = YES;
				GCC_OPTIMIZATION_LEVEL = 0;
				GCC_PREPROCESSOR_DEFINITIONS = (
					"DEBUG=1",
					"$(inherited)",
				);
				GCC_WARN_64_TO_32_BIT_CONVERSION = YES;
				GCC_WARN_ABOUT_RETURN_TYPE = YES_ERROR;
				GCC_WARN_UNDECLARED_SELECTOR = YES;
				GCC_WARN_UNINITIALIZED_AUTOS = YES_AGGRESSIVE;
				GCC_WARN_UNUSED_FUNCTION = YES;
				GCC_WARN_UNUSED_VARIABLE = YES;
				IPHONEOS_DEPLOYMENT_TARGET = 9.3;
				MTL_ENABLE_DEBUG_INFO = YES;
				ONLY_ACTIVE_ARCH = YES;
				SDKROOT = iphoneos;
				SWIFT_OPTIMIZATION_LEVEL = "-Onone";
				TARGETED_DEVICE_FAMILY = 2;
			};
			name = Debug;
		};
		7981D5981D346F15000FA92C /* Release */ = {
			isa = XCBuildConfiguration;
			buildSettings = {
				ALWAYS_SEARCH_USER_PATHS = NO;
				CLANG_ANALYZER_NONNULL = YES;
				CLANG_CXX_LANGUAGE_STANDARD = "gnu++0x";
				CLANG_CXX_LIBRARY = "libc++";
				CLANG_ENABLE_MODULES = YES;
				CLANG_ENABLE_OBJC_ARC = YES;
				CLANG_WARN_BOOL_CONVERSION = YES;
				CLANG_WARN_CONSTANT_CONVERSION = YES;
				CLANG_WARN_DIRECT_OBJC_ISA_USAGE = YES_ERROR;
				CLANG_WARN_EMPTY_BODY = YES;
				CLANG_WARN_ENUM_CONVERSION = YES;
				CLANG_WARN_INT_CONVERSION = YES;
				CLANG_WARN_OBJC_ROOT_CLASS = YES_ERROR;
				CLANG_WARN_UNREACHABLE_CODE = YES;
				CLANG_WARN__DUPLICATE_METHOD_MATCH = YES;
				"CODE_SIGN_IDENTITY[sdk=iphoneos*]" = "iPhone Developer";
				COPY_PHASE_STRIP = NO;
				DEBUG_INFORMATION_FORMAT = "dwarf-with-dsym";
				ENABLE_NS_ASSERTIONS = NO;
				ENABLE_STRICT_OBJC_MSGSEND = YES;
				GCC_C_LANGUAGE_STANDARD = gnu99;
				GCC_NO_COMMON_BLOCKS = YES;
				GCC_WARN_64_TO_32_BIT_CONVERSION = YES;
				GCC_WARN_ABOUT_RETURN_TYPE = YES_ERROR;
				GCC_WARN_UNDECLARED_SELECTOR = YES;
				GCC_WARN_UNINITIALIZED_AUTOS = YES_AGGRESSIVE;
				GCC_WARN_UNUSED_FUNCTION = YES;
				GCC_WARN_UNUSED_VARIABLE = YES;
				IPHONEOS_DEPLOYMENT_TARGET = 9.3;
				MTL_ENABLE_DEBUG_INFO = NO;
				SDKROOT = iphoneos;
				TARGETED_DEVICE_FAMILY = 2;
				VALIDATE_PRODUCT = YES;
			};
			name = Release;
		};
		7981D59A1D346F15000FA92C /* Debug */ = {
			isa = XCBuildConfiguration;
			buildSettings = {
				ASSETCATALOG_COMPILER_APPICON_NAME = AppIcon;
				CODE_SIGN_IDENTITY = "iPhone Developer";
				INFOPLIST_FILE = ValidateCheckTest/Info.plist;
				LD_RUNPATH_SEARCH_PATHS = "$(inherited) @executable_path/Frameworks";
				PRODUCT_BUNDLE_IDENTIFIER = "me.toshi-sv.ValidateCheckTest";
				PRODUCT_NAME = "$(TARGET_NAME)";
			};
			name = Debug;
		};
		7981D59B1D346F15000FA92C /* Release */ = {
			isa = XCBuildConfiguration;
			buildSettings = {
				ASSETCATALOG_COMPILER_APPICON_NAME = AppIcon;
				CODE_SIGN_IDENTITY = "iPhone Developer";
				INFOPLIST_FILE = ValidateCheckTest/Info.plist;
				LD_RUNPATH_SEARCH_PATHS = "$(inherited) @executable_path/Frameworks";
				PRODUCT_BUNDLE_IDENTIFIER = "me.toshi-sv.ValidateCheckTest";
				PRODUCT_NAME = "$(TARGET_NAME)";
			};
			name = Release;
		};
/* End XCBuildConfiguration section */

/* Begin XCConfigurationList section */
		7981D5821D346F14000FA92C /* Build configuration list for PBXProject "ValidateCheckTest" */ = {
			isa = XCConfigurationList;
			buildConfigurations = (
				7981D5971D346F15000FA92C /* Debug */,
				7981D5981D346F15000FA92C /* Release */,
			);
			defaultConfigurationIsVisible = 0;
			defaultConfigurationName = Release;
		};
		7981D5991D346F15000FA92C /* Build configuration list for PBXNativeTarget "ValidateCheckTest" */ = {
			isa = XCConfigurationList;
			buildConfigurations = (
				7981D59A1D346F15000FA92C /* Debug */,
				7981D59B1D346F15000FA92C /* Release */,
			);
			defaultConfigurationIsVisible = 0;
			defaultConfigurationName = Release;
		};
/* End XCConfigurationList section */
	};
	rootObject = 7981D57F1D346F14000FA92C /* Project object */;
}
